# requirements.lock - hash-pinned dependency lock
# Generated by tools/supply_chain.py lock. Do not edit by hand.
#
# Install with:   pip install --require-hashes -r requirements.lock
#
# Transitive closure complete: False
# WARNING - this lock covers DECLARED DIRECT dependencies only.
#           Regenerate with --resolved <pip-freeze-output> from a clean
#           virtualenv to obtain the full transitive set.

fastapi==0.133.1 \
    --hash=sha256:658f34ba334605b1617a65adf2ea6461901bdb9af3a3080d63ff791ecf7dc2e2 \
    --hash=sha256:ed152a45912f102592976fde6cbce7dae1a8a1053da94202e51dd35d184fadd6
httpx==0.28.1 \
    --hash=sha256:75e98c5f16b0f35b567856f597f06ff2270a374470a5c2392242528e3e3e42fc \
    --hash=sha256:d909fcccc110f8c7faf814ca82a9a4d816bc5a6dbfea25d6591d6985b8ba59ad
pydantic==2.13.4 \
    --hash=sha256:45a282cde31d808236fd7ea9d919b128653c8b38b393d1c4ab335c62924d9aba \
    --hash=sha256:c40756b57adaa8b1efeeced5c196f3f3b7c435f90e84ea7f443901bec8099ef6
pytest==9.1.1 \
    --hash=sha256:1088fbde8f2b49d95a549a195707afa7a76a3ce9bcadc26b6d71f0ffda5fe313 \
    --hash=sha256:37a86b45efb9a47a61a36449063e8e18d0cab3161329fc099eb21783169c4f0c
uvicorn==0.41.0 \
    --hash=sha256:09d11cf7008da33113824ee5a1c6422d89fbc2ff476540d69a34c87fab8b571a \
    --hash=sha256:29e35b1d2c36a04b9e180d4007ede3bcb32a85fbdfd6c6aeb3f26839de088187
